
Microsoft Visual Studio Solution File, Format Version 12.00
# Visual Studio 15
VisualStudioVersion = 15.0.28307.168
MinimumVisualStudioVersion = 10.0.40219.1
Project("{2150E333-8FDC-42A3-9474-1A3956D46DE8}") = "App", "App", "{AB800C18-107D-4B83-B312-B70516389FB4}"
EndProject
Project("{2150E333-8FDC-42A3-9474-1A3956D46DE8}") = "Test", "Test", "{AE30B49A-A873-468B-B98E-0552369B4372}"
EndProject
Project("{2150E333-8FDC-42A3-9474-1A3956D46DE8}") = "1. Creational", "1. Creational", "{503A6168-1E31-49DA-9B12-B8EA7EFE20F7}"
EndProject
Project("{2150E333-8FDC-42A3-9474-1A3956D46DE8}") = "3. Behavioral", "3. Behavioral", "{E995C58D-37E7-44C2-8F16-ED0EFA8FC5FB}"
EndProject
Project("{2150E333-8FDC-42A3-9474-1A3956D46DE8}") = "2. Structural", "2. Structural", "{D2374879-5E6F-4585-8F7E-4BADE008DAEB}"
EndProject
Project("{2150E333-8FDC-42A3-9474-1A3956D46DE8}") = "Class", "Class", "{BFEF5F74-A5B5-4DD0-8D23-F81771D4B3C8}"
EndProject
Project("{2150E333-8FDC-42A3-9474-1A3956D46DE8}") = "Object", "Object", "{D848439D-80CF-4D2B-A8A5-7A7F1C10270B}"
EndProject
Project("{2150E333-8FDC-42A3-9474-1A3956D46DE8}") = "Class", "Class", "{C68B3D32-3980-439B-99AA-F585D7C42FCB}"
EndProject
Project("{2150E333-8FDC-42A3-9474-1A3956D46DE8}") = "Object", "Object", "{68B79D87-9AE2-4B79-A45D-98B36C7D2686}"
EndProject
Project("{2150E333-8FDC-42A3-9474-1A3956D46DE8}") = "Class", "Class", "{21FF90E5-E6B9-4F16-BED2-27EACE79DF4C}"
EndProject
Project("{2150E333-8FDC-42A3-9474-1A3956D46DE8}") = "Object", "Object", "{BF82DCAD-C2B2-4C20-B169-17AF5315928F}"
EndProject
Project("{2150E333-8FDC-42A3-9474-1A3956D46DE8}") = "5. Singleton", "5. Singleton", "{FADA1279-320A-4D3D-8F6D-D1C555820B0C}"
EndProject
Project("{2150E333-8FDC-42A3-9474-1A3956D46DE8}") = "5.1. Not thread-safe", "5.1. Not thread-safe", "{8B58DD80-FA41-432C-9134-634E02D7161F}"
EndProject
Project("{2150E333-8FDC-42A3-9474-1A3956D46DE8}") = "5.2. Simple thread-safety", "5.2. Simple thread-safety", "{2449D268-BA45-44C0-A3C8-DC2B7FFF6623}"
EndProject
Project("{2150E333-8FDC-42A3-9474-1A3956D46DE8}") = "5.3. Attempted thread-safety using double-check locking", "5.3. Attempted thread-safety using double-check locking", "{2E18B281-1446-430C-BC0E-7A1CFBB1357F}"
EndProject
Project("{9A19103F-16F7-4668-BE54-9A1E7A4F7556}") = "Version 03", "App\1. Pattern Creational\Object\5. Singleton\Version 03\Version 03.csproj", "{DEAB3E11-2E3D-49B3-A5E9-394F3F814220}"
EndProject
Project("{9A19103F-16F7-4668-BE54-9A1E7A4F7556}") = "Version 01", "App\1. Pattern Creational\Object\5. Singleton\Version 01\Version 01.csproj", "{5D5ABC4C-AD6D-4FA6-B2E2-71338CE7065B}"
EndProject
Project("{9A19103F-16F7-4668-BE54-9A1E7A4F7556}") = "Version 02", "App\1. Pattern Creational\Object\5. Singleton\Version 02\Version 02.csproj", "{8D1478A3-9564-4B43-A6CF-2338C01069E0}"
EndProject
Project("{2150E333-8FDC-42A3-9474-1A3956D46DE8}") = "5.4. Not quite as lazy, but thread-safe without using locks", "5.4. Not quite as lazy, but thread-safe without using locks", "{194420A9-8589-4DF2-BD9D-041F67332E22}"
EndProject
Project("{FAE04EC0-301F-11D3-BF4B-00C04F79EFBC}") = "Version 04", "App\1. Pattern Creational\Object\5. Singleton\Version 04\Version 04.csproj", "{C3E5A39A-2F72-4AA3-801E-8C6B1B563EA8}"
EndProject
Project("{2150E333-8FDC-42A3-9474-1A3956D46DE8}") = "5.5. Fully lazy instantiation", "5.5. Fully lazy instantiation", "{0DDD0BC9-FD23-4726-A8D9-B13F0D7674B5}"
EndProject
Project("{FAE04EC0-301F-11D3-BF4B-00C04F79EFBC}") = "Version 05", "App\1. Pattern Creational\Object\5. Singleton\Version 05\Version 05.csproj", "{B98D491C-66F9-40DF-805E-7AA22F794635}"
EndProject
Project("{2150E333-8FDC-42A3-9474-1A3956D46DE8}") = "5.6. Using .NET 4s Lazy type", "5.6. Using .NET 4s Lazy type", "{592B42F9-2B32-4640-AF51-11991D7D944C}"
EndProject
Project("{FAE04EC0-301F-11D3-BF4B-00C04F79EFBC}") = "Version 06", "App\1. Pattern Creational\Object\5. Singleton\Version 06\Version 06.csproj", "{3B5D894C-E323-4760-B686-C462199427A9}"
EndProject
Global
	GlobalSection(SolutionConfigurationPlatforms) = preSolution
		Debug|Any CPU = Debug|Any CPU
		Release|Any CPU = Release|Any CPU
	EndGlobalSection
	GlobalSection(ProjectConfigurationPlatforms) = postSolution
		{DEAB3E11-2E3D-49B3-A5E9-394F3F814220}.Debug|Any CPU.ActiveCfg = Debug|Any CPU
		{DEAB3E11-2E3D-49B3-A5E9-394F3F814220}.Debug|Any CPU.Build.0 = Debug|Any CPU
		{DEAB3E11-2E3D-49B3-A5E9-394F3F814220}.Release|Any CPU.ActiveCfg = Release|Any CPU
		{DEAB3E11-2E3D-49B3-A5E9-394F3F814220}.Release|Any CPU.Build.0 = Release|Any CPU
		{5D5ABC4C-AD6D-4FA6-B2E2-71338CE7065B}.Debug|Any CPU.ActiveCfg = Debug|Any CPU
		{5D5ABC4C-AD6D-4FA6-B2E2-71338CE7065B}.Debug|Any CPU.Build.0 = Debug|Any CPU
		{5D5ABC4C-AD6D-4FA6-B2E2-71338CE7065B}.Release|Any CPU.ActiveCfg = Release|Any CPU
		{5D5ABC4C-AD6D-4FA6-B2E2-71338CE7065B}.Release|Any CPU.Build.0 = Release|Any CPU
		{8D1478A3-9564-4B43-A6CF-2338C01069E0}.Debug|Any CPU.ActiveCfg = Debug|Any CPU
		{8D1478A3-9564-4B43-A6CF-2338C01069E0}.Debug|Any CPU.Build.0 = Debug|Any CPU
		{8D1478A3-9564-4B43-A6CF-2338C01069E0}.Release|Any CPU.ActiveCfg = Release|Any CPU
		{8D1478A3-9564-4B43-A6CF-2338C01069E0}.Release|Any CPU.Build.0 = Release|Any CPU
		{C3E5A39A-2F72-4AA3-801E-8C6B1B563EA8}.Debug|Any CPU.ActiveCfg = Debug|Any CPU
		{C3E5A39A-2F72-4AA3-801E-8C6B1B563EA8}.Debug|Any CPU.Build.0 = Debug|Any CPU
		{C3E5A39A-2F72-4AA3-801E-8C6B1B563EA8}.Release|Any CPU.ActiveCfg = Release|Any CPU
		{C3E5A39A-2F72-4AA3-801E-8C6B1B563EA8}.Release|Any CPU.Build.0 = Release|Any CPU
		{B98D491C-66F9-40DF-805E-7AA22F794635}.Debug|Any CPU.ActiveCfg = Debug|Any CPU
		{B98D491C-66F9-40DF-805E-7AA22F794635}.Debug|Any CPU.Build.0 = Debug|Any CPU
		{B98D491C-66F9-40DF-805E-7AA22F794635}.Release|Any CPU.ActiveCfg = Release|Any CPU
		{B98D491C-66F9-40DF-805E-7AA22F794635}.Release|Any CPU.Build.0 = Release|Any CPU
		{3B5D894C-E323-4760-B686-C462199427A9}.Debug|Any CPU.ActiveCfg = Debug|Any CPU
		{3B5D894C-E323-4760-B686-C462199427A9}.Debug|Any CPU.Build.0 = Debug|Any CPU
		{3B5D894C-E323-4760-B686-C462199427A9}.Release|Any CPU.ActiveCfg = Release|Any CPU
		{3B5D894C-E323-4760-B686-C462199427A9}.Release|Any CPU.Build.0 = Release|Any CPU
	EndGlobalSection
	GlobalSection(SolutionProperties) = preSolution
		HideSolutionNode = FALSE
	EndGlobalSection
	GlobalSection(NestedProjects) = preSolution
		{503A6168-1E31-49DA-9B12-B8EA7EFE20F7} = {AB800C18-107D-4B83-B312-B70516389FB4}
		{E995C58D-37E7-44C2-8F16-ED0EFA8FC5FB} = {AB800C18-107D-4B83-B312-B70516389FB4}
		{D2374879-5E6F-4585-8F7E-4BADE008DAEB} = {AB800C18-107D-4B83-B312-B70516389FB4}
		{BFEF5F74-A5B5-4DD0-8D23-F81771D4B3C8} = {503A6168-1E31-49DA-9B12-B8EA7EFE20F7}
		{D848439D-80CF-4D2B-A8A5-7A7F1C10270B} = {503A6168-1E31-49DA-9B12-B8EA7EFE20F7}
		{C68B3D32-3980-439B-99AA-F585D7C42FCB} = {D2374879-5E6F-4585-8F7E-4BADE008DAEB}
		{68B79D87-9AE2-4B79-A45D-98B36C7D2686} = {D2374879-5E6F-4585-8F7E-4BADE008DAEB}
		{21FF90E5-E6B9-4F16-BED2-27EACE79DF4C} = {E995C58D-37E7-44C2-8F16-ED0EFA8FC5FB}
		{BF82DCAD-C2B2-4C20-B169-17AF5315928F} = {E995C58D-37E7-44C2-8F16-ED0EFA8FC5FB}
		{FADA1279-320A-4D3D-8F6D-D1C555820B0C} = {D848439D-80CF-4D2B-A8A5-7A7F1C10270B}
		{8B58DD80-FA41-432C-9134-634E02D7161F} = {FADA1279-320A-4D3D-8F6D-D1C555820B0C}
		{2449D268-BA45-44C0-A3C8-DC2B7FFF6623} = {FADA1279-320A-4D3D-8F6D-D1C555820B0C}
		{2E18B281-1446-430C-BC0E-7A1CFBB1357F} = {FADA1279-320A-4D3D-8F6D-D1C555820B0C}
		{DEAB3E11-2E3D-49B3-A5E9-394F3F814220} = {2E18B281-1446-430C-BC0E-7A1CFBB1357F}
		{5D5ABC4C-AD6D-4FA6-B2E2-71338CE7065B} = {8B58DD80-FA41-432C-9134-634E02D7161F}
		{8D1478A3-9564-4B43-A6CF-2338C01069E0} = {2449D268-BA45-44C0-A3C8-DC2B7FFF6623}
		{194420A9-8589-4DF2-BD9D-041F67332E22} = {FADA1279-320A-4D3D-8F6D-D1C555820B0C}
		{C3E5A39A-2F72-4AA3-801E-8C6B1B563EA8} = {194420A9-8589-4DF2-BD9D-041F67332E22}
		{0DDD0BC9-FD23-4726-A8D9-B13F0D7674B5} = {FADA1279-320A-4D3D-8F6D-D1C555820B0C}
		{B98D491C-66F9-40DF-805E-7AA22F794635} = {0DDD0BC9-FD23-4726-A8D9-B13F0D7674B5}
		{592B42F9-2B32-4640-AF51-11991D7D944C} = {FADA1279-320A-4D3D-8F6D-D1C555820B0C}
		{3B5D894C-E323-4760-B686-C462199427A9} = {592B42F9-2B32-4640-AF51-11991D7D944C}
	EndGlobalSection
	GlobalSection(ExtensibilityGlobals) = postSolution
		SolutionGuid = {D45C7395-1FEB-460E-ACCA-705271CA88F1}
	EndGlobalSection
EndGlobal
